
Microsoft Visual Studio Solution File, Format Version 12.00
# Visual Studio 15
VisualStudioVersion = 15.0.28307.168
MinimumVisualStudioVersion = 10.0.40219.1
Project("{FAE04EC0-301F-11D3-BF4B-00C04F79EFBC}") = "KnowledgeTestingSystem", "KnowledgeTestingSystem\KnowledgeTestingSystem.csproj", "{478A3B87-867A-4E77-8B76-8700931A08EE}"
EndProject
Project("{FAE04EC0-301F-11D3-BF4B-00C04F79EFBC}") = "ModelClassLibrary1", "ModelClassLibrary1\ModelClassLibrary1.csproj", "{40543601-E1E7-448A-9B1D-A6E02CD7B0E8}"
EndProject
Project("{FAE04EC0-301F-11D3-BF4B-00C04F79EFBC}") = "MenuClassLibrary2", "MenuClassLibrary2\MenuClassLibrary2.csproj", "{949362FC-2FE1-46EB-B759-3BF445FB64A0}"
EndProject
Global
	GlobalSection(SolutionConfigurationPlatforms) = preSolution
		Debug|Any CPU = Debug|Any CPU
		Release|Any CPU = Release|Any CPU
	EndGlobalSection
	GlobalSection(ProjectConfigurationPlatforms) = postSolution
		{478A3B87-867A-4E77-8B76-8700931A08EE}.Debug|Any CPU.ActiveCfg = Debug|Any CPU
		{478A3B87-867A-4E77-8B76-8700931A08EE}.Debug|Any CPU.Build.0 = Debug|Any CPU
		{478A3B87-867A-4E77-8B76-8700931A08EE}.Release|Any CPU.ActiveCfg = Release|Any CPU
		{478A3B87-867A-4E77-8B76-8700931A08EE}.Release|Any CPU.Build.0 = Release|Any CPU
		{40543601-E1E7-448A-9B1D-A6E02CD7B0E8}.Debug|Any CPU.ActiveCfg = Debug|Any CPU
		{40543601-E1E7-448A-9B1D-A6E02CD7B0E8}.Debug|Any CPU.Build.0 = Debug|Any CPU
		{40543601-E1E7-448A-9B1D-A6E02CD7B0E8}.Release|Any CPU.ActiveCfg = Release|Any CPU
		{40543601-E1E7-448A-9B1D-A6E02CD7B0E8}.Release|Any CPU.Build.0 = Release|Any CPU
		{949362FC-2FE1-46EB-B759-3BF445FB64A0}.Debug|Any CPU.ActiveCfg = Debug|Any CPU
		{949362FC-2FE1-46EB-B759-3BF445FB64A0}.Debug|Any CPU.Build.0 = Debug|Any CPU
		{949362FC-2FE1-46EB-B759-3BF445FB64A0}.Release|Any CPU.ActiveCfg = Release|Any CPU
		{949362FC-2FE1-46EB-B759-3BF445FB64A0}.Release|Any CPU.Build.0 = Release|Any CPU
	EndGlobalSection
	GlobalSection(SolutionProperties) = preSolution
		HideSolutionNode = FALSE
	EndGlobalSection
	GlobalSection(ExtensibilityGlobals) = postSolution
		SolutionGuid = {D3C4D7CD-E1AD-40FB-82F7-B0ED13C0577F}
	EndGlobalSection
EndGlobal
